# This file is automatically @generated by Cargo.
# It is not intended for manual editing.
version = 3

[[package]]
name = "ahash"
version = "0.7.6"
source = "registry+https://github.com/rust-lang/crates.io-index"
checksum = "fcb51a0695d8f838b1ee009b3fbf66bda078cd64590202a864a8f3e8c4315c47"
dependencies = [
 "getrandom",
 "once_cell",
 "version_check",
]

[[package]]
name = "aho-corasick"
version = "0.7.20"
source = "registry+https://github.com/rust-lang/crates.io-index"
checksum = "cc936419f96fa211c1b9166887b38e5e40b19958e5b895be7c1f93adec7071ac"
dependencies = [
 "memchr",
]

[[package]]
name = "ansi_term"
version = "0.12.1"
source = "registry+https://github.com/rust-lang/crates.io-index"
checksum = "d52a9bb7ec0cf484c551830a7ce27bd20d67eac647e1befb56b0be4ee39a55d2"
dependencies = [
 "winapi",
]

[[package]]
name = "anyhow"
version = "1.0.69"
source = "registry+https://github.com/rust-lang/crates.io-index"
checksum = "224afbd727c3d6e4b90103ece64b8d1b67fbb1973b1046c2281eed3f3803f800"

[[package]]
name = "async-channel"
version = "1.8.0"
source = "registry+https://github.com/rust-lang/crates.io-index"
checksum = "cf46fee83e5ccffc220104713af3292ff9bc7c64c7de289f66dae8e38d826833"
dependencies = [
 "concurrent-queue",
 "event-listener",
 "futures-core",
]

[[package]]
name = "async-dup"
version = "1.2.2"
source = "registry+https://github.com/rust-lang/crates.io-index"
checksum = "7427a12b8dc09291528cfb1da2447059adb4a257388c2acd6497a79d55cf6f7c"
dependencies = [
 "futures-io",
 "simple-mutex",
]

[[package]]
name = "async-executor"
version = "1.5.0"
source = "registry+https://github.com/rust-lang/crates.io-index"
checksum = "17adb73da160dfb475c183343c8cccd80721ea5a605d3eb57125f0a7b7a92d0b"
dependencies = [
 "async-lock",
 "async-task",
 "concurrent-queue",
 "fastrand",
 "futures-lite",
 "slab",
]

[[package]]
name = "async-fs"
version = "1.6.0"
source = "registry+https://github.com/rust-lang/crates.io-index"
checksum = "279cf904654eeebfa37ac9bb1598880884924aab82e290aa65c9e77a0e142e06"
dependencies = [
 "async-lock",
 "autocfg",
 "blocking",
 "futures-lite",
]

[[package]]
name = "async-io"
version = "1.12.0"
source = "registry+https://github.com/rust-lang/crates.io-index"
checksum = "8c374dda1ed3e7d8f0d9ba58715f924862c63eae6849c92d3a18e7fbde9e2794"
dependencies = [
 "async-lock",
 "autocfg",
 "concurrent-queue",
 "futures-lite",
 "libc",
 "log",
 "parking",
 "polling",
 "slab",
 "socket2",
 "waker-fn",
 "windows-sys 0.42.0",
]

[[package]]
name = "async-lock"
version = "2.6.0"
source = "registry+https://github.com/rust-lang/crates.io-index"
checksum = "c8101efe8695a6c17e02911402145357e718ac92d3ff88ae8419e84b1707b685"
dependencies = [
 "event-listener",
 "futures-lite",
]

[[package]]
name = "async-net"
version = "1.7.0"
source = "registry+https://github.com/rust-lang/crates.io-index"
checksum = "4051e67316bc7eff608fe723df5d32ed639946adcd69e07df41fd42a7b411f1f"
dependencies = [
 "async-io",
 "autocfg",
 "blocking",
 "futures-lite",
]

[[package]]
name = "async-process"
version = "1.6.0"
source = "registry+https://github.com/rust-lang/crates.io-index"
checksum = "6381ead98388605d0d9ff86371043b5aa922a3905824244de40dc263a14fcba4"
dependencies = [
 "async-io",
 "async-lock",
 "autocfg",
 "blocking",
 "cfg-if",
 "event-listener",
 "futures-lite",
 "libc",
 "signal-hook",
 "windows-sys 0.42.0",
]

[[package]]
name = "async-task"
version = "4.3.0"
source = "registry+https://github.com/rust-lang/crates.io-index"
checksum = "7a40729d2133846d9ed0ea60a8b9541bccddab49cd30f0715a1da672fe9a2524"

[[package]]
name = "atomic-waker"
version = "1.1.0"
source = "registry+https://github.com/rust-lang/crates.io-index"
checksum = "debc29dde2e69f9e47506b525f639ed42300fc014a3e007832592448fa8e4599"

[[package]]
name = "autocfg"
version = "1.1.0"
source = "registry+https://github.com/rust-lang/crates.io-index"
checksum = "d468802bab17cbc0cc575e9b053f41e72aa36bfa6b7f55e3529ffa43161b97fa"

[[package]]
name = "bitflags"
version = "1.3.2"
source = "registry+https://github.com/rust-lang/crates.io-index"
checksum = "bef38d45163c2f1dde094a7dfd33ccf595c92905c8f8f4fdc18d06fb1037718a"

[[package]]
name = "blocking"
version = "1.3.0"
source = "registry+https://github.com/rust-lang/crates.io-index"
checksum = "3c67b173a56acffd6d2326fb7ab938ba0b00a71480e14902b2591c87bc5741e8"
dependencies = [
 "async-channel",
 "async-lock",
 "async-task",
 "atomic-waker",
 "fastrand",
 "futures-lite",
]

[[package]]
name = "cc"
version = "1.0.79"
source = "registry+https://github.com/rust-lang/crates.io-index"
checksum = "50d30906286121d95be3d479533b458f87493b30a4b5f79a607db8f5d11aa91f"

[[package]]
name = "cfg-if"
version = "1.0.0"
source = "registry+https://github.com/rust-lang/crates.io-index"
checksum = "baf1de4339761588bc0619e3cbc0120ee582ebb74b53b4efbf79117bd2da40fd"

[[package]]
name = "chat"
version = "0.1.0"
dependencies = [
 "ansi_term",
 "anyhow",
 "smol",
 "textwrap",
 "twitchchat",
]

[[package]]
name = "concurrent-queue"
version = "2.1.0"
source = "registry+https://github.com/rust-lang/crates.io-index"
checksum = "c278839b831783b70278b14df4d45e1beb1aad306c07bb796637de9a0e323e8e"
dependencies = [
 "crossbeam-utils",
]

[[package]]
name = "crossbeam-utils"
version = "0.8.14"
source = "registry+https://github.com/rust-lang/crates.io-index"
checksum = "4fb766fa798726286dbbb842f174001dab8abc7b627a1dd86e0b7222a95d929f"
dependencies = [
 "cfg-if",
]

[[package]]
name = "errno"
version = "0.2.8"
source = "registry+https://github.com/rust-lang/crates.io-index"
checksum = "f639046355ee4f37944e44f60642c6f3a7efa3cf6b78c78a0d989a8ce6c396a1"
dependencies = [
 "errno-dragonfly",
 "libc",
 "winapi",
]

[[package]]
name = "errno-dragonfly"
version = "0.1.2"
source = "registry+https://github.com/rust-lang/crates.io-index"
checksum = "aa68f1b12764fab894d2755d2518754e71b4fd80ecfb822714a1206c2aab39bf"
dependencies = [
 "cc",
 "libc",
]

[[package]]
name = "event-listener"
version = "2.5.3"
source = "registry+https://github.com/rust-lang/crates.io-index"
checksum = "0206175f82b8d6bf6652ff7d71a1e27fd2e4efde587fd368662814d6ec1d9ce0"

[[package]]
name = "fastrand"
version = "1.9.0"
source = "registry+https://github.com/rust-lang/crates.io-index"
checksum = "e51093e27b0797c359783294ca4f0a911c270184cb10f85783b118614a1501be"
dependencies = [
 "instant",
]

[[package]]
name = "futures-core"
version = "0.3.26"
source = "registry+https://github.com/rust-lang/crates.io-index"
checksum = "ec90ff4d0fe1f57d600049061dc6bb68ed03c7d2fbd697274c41805dcb3f8608"

[[package]]
name = "futures-io"
version = "0.3.26"
source = "registry+https://github.com/rust-lang/crates.io-index"
checksum = "bfb8371b6fb2aeb2d280374607aeabfc99d95c72edfe51692e42d3d7f0d08531"

[[package]]
name = "futures-lite"
version = "1.12.0"
source = "registry+https://github.com/rust-lang/crates.io-index"
checksum = "7694489acd39452c77daa48516b894c153f192c3578d5a839b62c58099fcbf48"
dependencies = [
 "fastrand",
 "futures-core",
 "futures-io",
 "memchr",
 "parking",
 "pin-project-lite 0.2.9",
 "waker-fn",
]

[[package]]
name = "futures-timer"
version = "3.0.2"
source = "registry+https://github.com/rust-lang/crates.io-index"
checksum = "e64b03909df88034c26dc1547e8970b91f98bdb65165d6a4e9110d94263dbb2c"

[[package]]
name = "getrandom"
version = "0.2.8"
source = "registry+https://github.com/rust-lang/crates.io-index"
checksum = "c05aeb6a22b8f62540c194aac980f2115af067bfe15a0734d7277a768d396b31"
dependencies = [
 "cfg-if",
 "libc",
 "wasi",
]

[[package]]
name = "hashbrown"
version = "0.12.3"
source = "registry+https://github.com/rust-lang/crates.io-index"
checksum = "8a9ee70c43aaf417c914396645a0fa852624801b24ebb7ae78fe8272889ac888"
dependencies = [
 "ahash",
]

[[package]]
name = "instant"
version = "0.1.12"
source = "registry+https://github.com/rust-lang/crates.io-index"
checksum = "7a5bbe824c507c5da5956355e86a746d82e0e1464f65d862cc5e71da70e94b2c"
dependencies = [
 "cfg-if",
]

[[package]]
name = "io-lifetimes"
version = "1.0.5"
source = "registry+https://github.com/rust-lang/crates.io-index"
checksum = "1abeb7a0dd0f8181267ff8adc397075586500b81b28a73e8a0208b00fc170fb3"
dependencies = [
 "libc",
 "windows-sys 0.45.0",
]

[[package]]
name = "libc"
version = "0.2.139"
source = "registry+https://github.com/rust-lang/crates.io-index"
checksum = "201de327520df007757c1f0adce6e827fe8562fbc28bfd9c15571c66ca1f5f79"

[[package]]
name = "linux-raw-sys"
version = "0.1.4"
source = "registry+https://github.com/rust-lang/crates.io-index"
checksum = "f051f77a7c8e6957c0696eac88f26b0117e54f52d3fc682ab19397a8812846a4"

[[package]]
name = "log"
version = "0.4.17"
source = "registry+https://github.com/rust-lang/crates.io-index"
checksum = "abb12e687cfb44aa40f41fc3978ef76448f9b6038cad6aef4259d3c095a2382e"
dependencies = [
 "cfg-if",
]

[[package]]
name = "memchr"
version = "2.5.0"
source = "registry+https://github.com/rust-lang/crates.io-index"
checksum = "2dffe52ecf27772e601905b7522cb4ef790d2cc203488bbd0e2fe85fcb74566d"

[[package]]
name = "once_cell"
version = "1.17.1"
source = "registry+https://github.com/rust-lang/crates.io-index"
checksum = "b7e5500299e16ebb147ae15a00a942af264cf3688f47923b8fc2cd5858f23ad3"

[[package]]
name = "parking"
version = "2.0.0"
source = "registry+https://github.com/rust-lang/crates.io-index"
checksum = "427c3892f9e783d91cc128285287e70a59e206ca452770ece88a76f7a3eddd72"

[[package]]
name = "pin-project-lite"
version = "0.1.12"
source = "registry+https://github.com/rust-lang/crates.io-index"
checksum = "257b64915a082f7811703966789728173279bdebb956b143dbcd23f6f970a777"

[[package]]
name = "pin-project-lite"
version = "0.2.9"
source = "registry+https://github.com/rust-lang/crates.io-index"
checksum = "e0a7ae3ac2f1173085d398531c705756c94a4c56843785df85a60c1a0afac116"

[[package]]
name = "polling"
version = "2.5.2"
source = "registry+https://github.com/rust-lang/crates.io-index"
checksum = "22122d5ec4f9fe1b3916419b76be1e80bcb93f618d071d2edf841b137b2a2bd6"
dependencies = [
 "autocfg",
 "cfg-if",
 "libc",
 "log",
 "wepoll-ffi",
 "windows-sys 0.42.0",
]

[[package]]
name = "regex"
version = "1.7.1"
source = "registry+https://github.com/rust-lang/crates.io-index"
checksum = "48aaa5748ba571fb95cd2c85c09f629215d3a6ece942baa100950af03a34f733"
dependencies = [
 "aho-corasick",
 "memchr",
 "regex-syntax",
]

[[package]]
name = "regex-syntax"
version = "0.6.28"
source = "registry+https://github.com/rust-lang/crates.io-index"
checksum = "456c603be3e8d448b072f410900c09faf164fbce2d480456f50eea6e25f9c848"

[[package]]
name = "rustix"
version = "0.36.8"
source = "registry+https://github.com/rust-lang/crates.io-index"
checksum = "f43abb88211988493c1abb44a70efa56ff0ce98f233b7b276146f1f3f7ba9644"
dependencies = [
 "bitflags",
 "errno",
 "io-lifetimes",
 "libc",
 "linux-raw-sys",
 "windows-sys 0.45.0",
]

[[package]]
name = "signal-hook"
version = "0.3.15"
source = "registry+https://github.com/rust-lang/crates.io-index"
checksum = "732768f1176d21d09e076c23a93123d40bba92d50c4058da34d45c8de8e682b9"
dependencies = [
 "libc",
 "signal-hook-registry",
]

[[package]]
name = "signal-hook-registry"
version = "1.4.1"
source = "registry+https://github.com/rust-lang/crates.io-index"
checksum = "d8229b473baa5980ac72ef434c4415e70c4b5e71b423043adb4ba059f89c99a1"
dependencies = [
 "libc",
]

[[package]]
name = "simple-mutex"
version = "1.1.5"
source = "registry+https://github.com/rust-lang/crates.io-index"
checksum = "38aabbeafa6f6dead8cebf246fe9fae1f9215c8d29b3a69f93bd62a9e4a3dcd6"
dependencies = [
 "event-listener",
]

[[package]]
name = "slab"
version = "0.4.7"
source = "registry+https://github.com/rust-lang/crates.io-index"
checksum = "4614a76b2a8be0058caa9dbbaf66d988527d86d003c11a94fbd335d7661edcef"
dependencies = [
 "autocfg",
]

[[package]]
name = "smawk"
version = "0.3.1"
source = "registry+https://github.com/rust-lang/crates.io-index"
checksum = "f67ad224767faa3c7d8b6d91985b78e70a1324408abcb1cfcc2be4c06bc06043"

[[package]]
name = "smol"
version = "1.3.0"
source = "registry+https://github.com/rust-lang/crates.io-index"
checksum = "13f2b548cd8447f8de0fdf1c592929f70f4fc7039a05e47404b0d096ec6987a1"
dependencies = [
 "async-channel",
 "async-executor",
 "async-fs",
 "async-io",
 "async-lock",
 "async-net",
 "async-process",
 "blocking",
 "futures-lite",
]

[[package]]
name = "socket2"
version = "0.4.7"
source = "registry+https://github.com/rust-lang/crates.io-index"
checksum = "02e2d2db9033d13a1567121ddd7a095ee144db4e1ca1b1bda3419bc0da294ebd"
dependencies = [
 "libc",
 "winapi",
]

[[package]]
name = "terminal_size"
version = "0.2.5"
source = "registry+https://github.com/rust-lang/crates.io-index"
checksum = "4c9afddd2cec1c0909f06b00ef33f94ab2cc0578c4a610aa208ddfec8aa2b43a"
dependencies = [
 "rustix",
 "windows-sys 0.45.0",
]

[[package]]
name = "textwrap"
version = "0.16.0"
source = "registry+https://github.com/rust-lang/crates.io-index"
checksum = "222a222a5bfe1bba4a77b45ec488a741b3cb8872e5e499451fd7d0129c9c7c3d"
dependencies = [
 "smawk",
 "terminal_size",
 "unicode-linebreak",
 "unicode-width",
]

[[package]]
name = "twitchchat"
version = "0.14.8"
source = "registry+https://github.com/rust-lang/crates.io-index"
checksum = "123f2cab8e6afe5183f40523e4f628b230ddcdbbabf0c094fb946eac73cb0da3"
dependencies = [
 "async-channel",
 "async-dup",
 "fastrand",
 "futures-lite",
 "futures-timer",
 "log",
 "pin-project-lite 0.1.12",
 "smol",
]

[[package]]
name = "unicode-linebreak"
version = "0.1.4"
source = "registry+https://github.com/rust-lang/crates.io-index"
checksum = "c5faade31a542b8b35855fff6e8def199853b2da8da256da52f52f1316ee3137"
dependencies = [
 "hashbrown",
 "regex",
]

[[package]]
name = "unicode-width"
version = "0.1.10"
source = "registry+https://github.com/rust-lang/crates.io-index"
checksum = "c0edd1e5b14653f783770bce4a4dabb4a5108a5370a5f5d8cfe8710c361f6c8b"

[[package]]
name = "version_check"
version = "0.9.4"
source = "registry+https://github.com/rust-lang/crates.io-index"
checksum = "49874b5167b65d7193b8aba1567f5c7d93d001cafc34600cee003eda787e483f"

[[package]]
name = "waker-fn"
version = "1.1.0"
source = "registry+https://github.com/rust-lang/crates.io-index"
checksum = "9d5b2c62b4012a3e1eca5a7e077d13b3bf498c4073e33ccd58626607748ceeca"

[[package]]
name = "wasi"
version = "0.11.0+wasi-snapshot-preview1"
source = "registry+https://github.com/rust-lang/crates.io-index"
checksum = "9c8d87e72b64a3b4db28d11ce29237c246188f4f51057d65a7eab63b7987e423"

[[package]]
name = "wepoll-ffi"
version = "0.1.2"
source = "registry+https://github.com/rust-lang/crates.io-index"
checksum = "d743fdedc5c64377b5fc2bc036b01c7fd642205a0d96356034ae3404d49eb7fb"
dependencies = [
 "cc",
]

[[package]]
name = "winapi"
version = "0.3.9"
source = "registry+https://github.com/rust-lang/crates.io-index"
checksum = "5c839a674fcd7a98952e593242ea400abe93992746761e38641405d28b00f419"
dependencies = [
 "winapi-i686-pc-windows-gnu",
 "winapi-x86_64-pc-windows-gnu",
]

[[package]]
name = "winapi-i686-pc-windows-gnu"
version = "0.4.0"
source = "registry+https://github.com/rust-lang/crates.io-index"
checksum = "ac3b87c63620426dd9b991e5ce0329eff545bccbbb34f3be09ff6fb6ab51b7b6"

[[package]]
name = "winapi-x86_64-pc-windows-gnu"
version = "0.4.0"
source = "registry+https://github.com/rust-lang/crates.io-index"
checksum = "712e227841d057c1ee1cd2fb22fa7e5a5461ae8e48fa2ca79ec42cfc1931183f"

[[package]]
name = "windows-sys"
version = "0.42.0"
source = "registry+https://github.com/rust-lang/crates.io-index"
checksum = "5a3e1820f08b8513f676f7ab6c1f99ff312fb97b553d30ff4dd86f9f15728aa7"
dependencies = [
 "windows_aarch64_gnullvm",
 "windows_aarch64_msvc",
 "windows_i686_gnu",
 "windows_i686_msvc",
 "windows_x86_64_gnu",
 "windows_x86_64_gnullvm",
 "windows_x86_64_msvc",
]

[[package]]
name = "windows-sys"
version = "0.45.0"
source = "registry+https://github.com/rust-lang/crates.io-index"
checksum = "75283be5efb2831d37ea142365f009c02ec203cd29a3ebecbc093d52315b66d0"
dependencies = [
 "windows-targets",
]

[[package]]
name = "windows-targets"
version = "0.42.1"
source = "registry+https://github.com/rust-lang/crates.io-index"
checksum = "8e2522491fbfcd58cc84d47aeb2958948c4b8982e9a2d8a2a35bbaed431390e7"
dependencies = [
 "windows_aarch64_gnullvm",
 "windows_aarch64_msvc",
 "windows_i686_gnu",
 "windows_i686_msvc",
 "windows_x86_64_gnu",
 "windows_x86_64_gnullvm",
 "windows_x86_64_msvc",
]

[[package]]
name = "windows_aarch64_gnullvm"
version = "0.42.1"
source = "registry+https://github.com/rust-lang/crates.io-index"
checksum = "8c9864e83243fdec7fc9c5444389dcbbfd258f745e7853198f365e3c4968a608"

[[package]]
name = "windows_aarch64_msvc"
version = "0.42.1"
source = "registry+https://github.com/rust-lang/crates.io-index"
checksum = "4c8b1b673ffc16c47a9ff48570a9d85e25d265735c503681332589af6253c6c7"

[[package]]
name = "windows_i686_gnu"
version = "0.42.1"
source = "registry+https://github.com/rust-lang/crates.io-index"
checksum = "de3887528ad530ba7bdbb1faa8275ec7a1155a45ffa57c37993960277145d640"

[[package]]
name = "windows_i686_msvc"
version = "0.42.1"
source = "registry+https://github.com/rust-lang/crates.io-index"
checksum = "bf4d1122317eddd6ff351aa852118a2418ad4214e6613a50e0191f7004372605"

[[package]]
name = "windows_x86_64_gnu"
version = "0.42.1"
source = "registry+https://github.com/rust-lang/crates.io-index"
checksum = "c1040f221285e17ebccbc2591ffdc2d44ee1f9186324dd3e84e99ac68d699c45"

[[package]]
name = "windows_x86_64_gnullvm"
version = "0.42.1"
source = "registry+https://github.com/rust-lang/crates.io-index"
checksum = "628bfdf232daa22b0d64fdb62b09fcc36bb01f05a3939e20ab73aaf9470d0463"

[[package]]
name = "windows_x86_64_msvc"
version = "0.42.1"
source = "registry+https://github.com/rust-lang/crates.io-index"
checksum = "447660ad36a13288b1db4d4248e857b510e8c3a225c822ba4fb748c0aafecffd"
